# THIS IS AN AUTOGENERATED FILE. DO NOT EDIT THIS FILE DIRECTLY.
# yarn lockfile v1


"@pirxpilot/confirmation-popover@~1":
  version "1.0.6"
  resolved "https://registry.yarnpkg.com/@pirxpilot/confirmation-popover/-/confirmation-popover-1.0.6.tgz#3de885249d4f9e138163101b65f0bc39098db6e3"
  dependencies:
    "@pirxpilot/popover" "~1"
    component-inherit "~0"
    component-query "~0"

"@pirxpilot/events@~1":
  version "1.0.1"
  resolved "https://registry.yarnpkg.com/@pirxpilot/events/-/events-1.0.1.tgz#15068c967573d8b1a1482debd74384fafa1bd2b8"

"@pirxpilot/overlay@*":
  version "1.0.1"
  resolved "https://registry.yarnpkg.com/@pirxpilot/overlay/-/overlay-1.0.1.tgz#3f82d9eb212b91232322bf51066bca7ba165a733"
  dependencies:
    component-emitter "*"
    domify "*"
    el-component "*"

"@pirxpilot/popover@~1":
  version "1.1.5"
  resolved "https://registry.yarnpkg.com/@pirxpilot/popover/-/popover-1.1.5.tgz#ad5de4dba8ef1b617500912a4ca0c2ad1822c783"
  dependencies:
    "@pirxpilot/tip" "^2.5.3"
    component-inherit "~0"
    component-query "*"

"@pirxpilot/tip@^2.5.3":
  version "2.5.4"
  resolved "https://registry.yarnpkg.com/@pirxpilot/tip/-/tip-2.5.4.tgz#d8ef26d94180b694e8af9639649b0418be3e257d"
  dependencies:
    "@pirxpilot/events" "~1"
    bounding-client-rect "^1.0.5"
    component-emitter "^1.1.3"
    component-query "~0"
    domify "^1.3.0"

acorn@^5.0.0:
  version "5.2.1"
  resolved "https://registry.yarnpkg.com/acorn/-/acorn-5.2.1.tgz#317ac7821826c22c702d66189ab8359675f135d7"

bounding-client-rect@^1.0.5:
  version "1.0.5"
  resolved "https://registry.yarnpkg.com/bounding-client-rect/-/bounding-client-rect-1.0.5.tgz#99e2cd2602d07f22ea3beee420534504fd4424cf"
  dependencies:
    get-document "1"

browserify-transform-tools@^1.5.3:
  version "1.7.0"
  resolved "https://registry.yarnpkg.com/browserify-transform-tools/-/browserify-transform-tools-1.7.0.tgz#83e277221f63259bed2e7eb2a283a970a501f4c4"
  dependencies:
    falafel "^2.0.0"
    through "^2.3.7"

camel-case@3.0.x:
  version "3.0.0"
  resolved "https://registry.yarnpkg.com/camel-case/-/camel-case-3.0.0.tgz#ca3c3688a4e9cf3a4cda777dc4dcbc713249cf73"
  dependencies:
    no-case "^2.2.0"
    upper-case "^1.1.1"

clean-css@4.1.x:
  version "4.1.9"
  resolved "https://registry.yarnpkg.com/clean-css/-/clean-css-4.1.9.tgz#35cee8ae7687a49b98034f70de00c4edd3826301"
  dependencies:
    source-map "0.5.x"

commander@2.9.x:
  version "2.9.0"
  resolved "https://registry.yarnpkg.com/commander/-/commander-2.9.0.tgz#9c99094176e12240cb22d6c5146098400fe0f7d4"
  dependencies:
    graceful-readlink ">= 1.0.0"

commander@~2.11.0:
  version "2.11.0"
  resolved "https://registry.yarnpkg.com/commander/-/commander-2.11.0.tgz#157152fd1e7a6c8d98a5b715cf376df928004563"

component-emitter@*, component-emitter@^1.1.2, component-emitter@^1.1.3:
  version "1.2.1"
  resolved "https://registry.yarnpkg.com/component-emitter/-/component-emitter-1.2.1.tgz#137918d6d78283f7df7a6b7c5a63e140e69425e6"

component-inherit@~0:
  version "0.0.3"
  resolved "https://registry.yarnpkg.com/component-inherit/-/component-inherit-0.0.3.tgz#645fc4adf58b72b649d5cae65135619db26ff143"

component-query@*, component-query@^0.0.3, component-query@~0:
  version "0.0.3"
  resolved "https://registry.yarnpkg.com/component-query/-/component-query-0.0.3.tgz#07f49dab7071fa9606725df53e607f468acdaacf"

dataset@~0:
  version "0.3.2"
  resolved "https://registry.yarnpkg.com/dataset/-/dataset-0.3.2.tgz#c7541247f5daf2bafd54d95d0be80036f5fbc811"

domify@*, domify@^1.3.0:
  version "1.4.0"
  resolved "https://registry.yarnpkg.com/domify/-/domify-1.4.0.tgz#11483617f764f8695975b4bdc79b14f0803b629b"

el-component@*:
  version "1.0.1"
  resolved "https://registry.yarnpkg.com/el-component/-/el-component-1.0.1.tgz#ef4ba9d8b5aa9faf1e2491d483aac8e4470b381b"

falafel@^2.0.0:
  version "2.1.0"
  resolved "https://registry.yarnpkg.com/falafel/-/falafel-2.1.0.tgz#96bb17761daba94f46d001738b3cedf3a67fe06c"
  dependencies:
    acorn "^5.0.0"
    foreach "^2.0.5"
    isarray "0.0.1"
    object-keys "^1.0.6"

foreach@^2.0.5:
  version "2.0.5"
  resolved "https://registry.yarnpkg.com/foreach/-/foreach-2.0.5.tgz#0bee005018aeb260d0a3af3ae658dd0136ec1b99"

get-document@1:
  version "1.0.0"
  resolved "https://registry.yarnpkg.com/get-document/-/get-document-1.0.0.tgz#4821bce66f1c24cb0331602be6cb6b12c4f01c4b"

"graceful-readlink@>= 1.0.0":
  version "1.0.1"
  resolved "https://registry.yarnpkg.com/graceful-readlink/-/graceful-readlink-1.0.1.tgz#4cafad76bc62f02fa039b2f94e9a3dd3a391a725"

he@1.1.x:
  version "1.1.1"
  resolved "https://registry.yarnpkg.com/he/-/he-1.1.1.tgz#93410fd21b009735151f8868c2f271f3427e23fd"

html-minifier@3.5.2:
  version "3.5.2"
  resolved "https://registry.yarnpkg.com/html-minifier/-/html-minifier-3.5.2.tgz#d73bc3ff448942408818ce609bf3fb0ea7ef4eb7"
  dependencies:
    camel-case "3.0.x"
    clean-css "4.1.x"
    commander "2.9.x"
    he "1.1.x"
    ncname "1.0.x"
    param-case "2.1.x"
    relateurl "0.2.x"
    uglify-js "3.0.x"

isarray@0.0.1:
  version "0.0.1"
  resolved "https://registry.yarnpkg.com/isarray/-/isarray-0.0.1.tgz#8a18acfca9a8f4177e09abfc6038939b05d1eedf"

lower-case@^1.1.1:
  version "1.1.4"
  resolved "https://registry.yarnpkg.com/lower-case/-/lower-case-1.1.4.tgz#9a2cabd1b9e8e0ae993a4bf7d5875c39c42e8eac"

ncname@1.0.x:
  version "1.0.0"
  resolved "https://registry.yarnpkg.com/ncname/-/ncname-1.0.0.tgz#5b57ad18b1ca092864ef62b0b1ed8194f383b71c"
  dependencies:
    xml-char-classes "^1.0.0"

no-case@^2.2.0:
  version "2.3.2"
  resolved "https://registry.yarnpkg.com/no-case/-/no-case-2.3.2.tgz#60b813396be39b3f1288a4c1ed5d1e7d28b464ac"
  dependencies:
    lower-case "^1.1.1"

object-keys@^1.0.6:
  version "1.0.11"
  resolved "https://registry.yarnpkg.com/object-keys/-/object-keys-1.0.11.tgz#c54601778ad560f1142ce0e01bcca8b56d13426d"

param-case@2.1.x:
  version "2.1.1"
  resolved "https://registry.yarnpkg.com/param-case/-/param-case-2.1.1.tgz#df94fd8cf6531ecf75e6bef9a0858fbc72be2247"
  dependencies:
    no-case "^2.2.0"

relateurl@0.2.x:
  version "0.2.7"
  resolved "https://registry.yarnpkg.com/relateurl/-/relateurl-0.2.7.tgz#54dbf377e51440aca90a4cd274600d3ff2d888a9"

source-map@0.5.x, source-map@~0.5.1:
  version "0.5.7"
  resolved "https://registry.yarnpkg.com/source-map/-/source-map-0.5.7.tgz#8a039d2d1021d22d1ea14c80d8ea468ba2ef3fcc"

stringify@~5:
  version "5.2.0"
  resolved "https://registry.yarnpkg.com/stringify/-/stringify-5.2.0.tgz#f22bb1f31ac10b0464eb7ee60f1aa9f71e546512"
  dependencies:
    browserify-transform-tools "^1.5.3"
    html-minifier "3.5.2"

through@^2.3.7:
  version "2.3.8"
  resolved "https://registry.yarnpkg.com/through/-/through-2.3.8.tgz#0dd4c9ffaabc357960b1b724115d7e0e86a2e1f5"

uglify-js@3.0.x:
  version "3.0.28"
  resolved "https://registry.yarnpkg.com/uglify-js/-/uglify-js-3.0.28.tgz#96b8495f0272944787b5843a1679aa326640d5f7"
  dependencies:
    commander "~2.11.0"
    source-map "~0.5.1"

upper-case@^1.1.1:
  version "1.1.3"
  resolved "https://registry.yarnpkg.com/upper-case/-/upper-case-1.1.3.tgz#f6b4501c2ec4cdd26ba78be7222961de77621598"

xml-char-classes@^1.0.0:
  version "1.0.0"
  resolved "https://registry.yarnpkg.com/xml-char-classes/-/xml-char-classes-1.0.0.tgz#64657848a20ffc5df583a42ad8a277b4512bbc4d"
